
Microsoft Visual Studio Solution File, Format Version 12.00
# Visual Studio Version 16
VisualStudioVersion = 16.0.31727.386
MinimumVisualStudioVersion = 10.0.40219.1
Project("{FAE04EC0-301F-11D3-BF4B-00C04F79EFBC}") = "Regtext_", "Regtext_\Regtext_.csproj", "{A86E7C57-1B24-43D1-A193-C57407519AAC}"
EndProject
Project("{FAE04EC0-301F-11D3-BF4B-00C04F79EFBC}") = "UnitTestProject1", "UnitTestProject1\UnitTestProject1.csproj", "{3EFED1BE-682E-4B87-99DB-948C84C690D0}"
EndProject
Global
	GlobalSection(SolutionConfigurationPlatforms) = preSolution
		Debug|Any CPU = Debug|Any CPU
		Release|Any CPU = Release|Any CPU
	EndGlobalSection
	GlobalSection(ProjectConfigurationPlatforms) = postSolution
		{A86E7C57-1B24-43D1-A193-C57407519AAC}.Debug|Any CPU.ActiveCfg = Debug|Any CPU
		{A86E7C57-1B24-43D1-A193-C57407519AAC}.Debug|Any CPU.Build.0 = Debug|Any CPU
		{A86E7C57-1B24-43D1-A193-C57407519AAC}.Release|Any CPU.ActiveCfg = Release|Any CPU
		{A86E7C57-1B24-43D1-A193-C57407519AAC}.Release|Any CPU.Build.0 = Release|Any CPU
		{3EFED1BE-682E-4B87-99DB-948C84C690D0}.Debug|Any CPU.ActiveCfg = Debug|Any CPU
		{3EFED1BE-682E-4B87-99DB-948C84C690D0}.Debug|Any CPU.Build.0 = Debug|Any CPU
		{3EFED1BE-682E-4B87-99DB-948C84C690D0}.Release|Any CPU.ActiveCfg = Release|Any CPU
		{3EFED1BE-682E-4B87-99DB-948C84C690D0}.Release|Any CPU.Build.0 = Release|Any CPU
	EndGlobalSection
	GlobalSection(SolutionProperties) = preSolution
		HideSolutionNode = FALSE
	EndGlobalSection
	GlobalSection(ExtensibilityGlobals) = postSolution
		SolutionGuid = {EB4A4C50-C823-4F0B-8E01-1ED48886F626}
	EndGlobalSection
EndGlobal
